
Microsoft Visual Studio Solution File, Format Version 12.00
# Visual Studio Version 17
VisualStudioVersion = 17.5.33424.131
MinimumVisualStudioVersion = 10.0.40219.1
Project("{FAE04EC0-301F-11D3-BF4B-00C04F79EFBC}") = "P2_2018RR604_2020CD602_2019MZ602", "P2_2018RR604_2020CD602_2019MZ602\P2_2018RR604_2020CD602_2019MZ602.csproj", "{3D1E863C-DD78-427F-AF6D-F535B4C0F498}"
EndProject
Global
	GlobalSection(SolutionConfigurationPlatforms) = preSolution
		Debug|Any CPU = Debug|Any CPU
		Release|Any CPU = Release|Any CPU
	EndGlobalSection
	GlobalSection(ProjectConfigurationPlatforms) = postSolution
		{3D1E863C-DD78-427F-AF6D-F535B4C0F498}.Debug|Any CPU.ActiveCfg = Debug|Any CPU
		{3D1E863C-DD78-427F-AF6D-F535B4C0F498}.Debug|Any CPU.Build.0 = Debug|Any CPU
		{3D1E863C-DD78-427F-AF6D-F535B4C0F498}.Release|Any CPU.ActiveCfg = Release|Any CPU
		{3D1E863C-DD78-427F-AF6D-F535B4C0F498}.Release|Any CPU.Build.0 = Release|Any CPU
	EndGlobalSection
	GlobalSection(SolutionProperties) = preSolution
		HideSolutionNode = FALSE
	EndGlobalSection
	GlobalSection(ExtensibilityGlobals) = postSolution
		SolutionGuid = {CCF22BB8-FBD1-4C8C-9890-5595CAB121A2}
	EndGlobalSection
EndGlobal
